
Microsoft Visual Studio Solution File, Format Version 12.00
# Visual Studio 15
VisualStudioVersion = 15.0.28307.1321
MinimumVisualStudioVersion = 10.0.40219.1
Project("{FAE04EC0-301F-11D3-BF4B-00C04F79EFBC}") = "Pocos", "BookMeProject\Pocos.csproj", "{A33387AF-5686-4C4A-BEE4-0B3A01FCB71A}"
EndProject
Project("{FAE04EC0-301F-11D3-BF4B-00C04F79EFBC}") = "DataAccess_IRepositoryInterface", "DataAccessRepoPattern\DataAccess_IRepositoryInterface.csproj", "{0206F859-3D5E-48DF-A9C6-40B2003F91F2}"
EndProject
Project("{FAE04EC0-301F-11D3-BF4B-00C04F79EFBC}") = "DataAccess_EFGenericRepsitoryImplementation", "DataAccessEFGenericRepo\DataAccess_EFGenericRepsitoryImplementation.csproj", "{DFE6F704-76BB-4F7D-B75D-E4D447E04DE3}"
EndProject
Project("{FAE04EC0-301F-11D3-BF4B-00C04F79EFBC}") = "CoreBusinessServices_Interface", "BusinessLogicPatterns\CoreBusinessServices_Interface.csproj", "{EF2E3144-44D8-49C8-A532-24C44BB82375}"
EndProject
Project("{FAE04EC0-301F-11D3-BF4B-00C04F79EFBC}") = "CoreBusinessServices_ValidationLayer", "BusinessLogicValidationLayer\CoreBusinessServices_ValidationLayer.csproj", "{A3876605-BECE-4601-9C62-35C5B980B466}"
EndProject
Project("{FAE04EC0-301F-11D3-BF4B-00C04F79EFBC}") = "CoreBusinessServices_WFC_SOAP", "BusinessLogicServicesLayer\CoreBusinessServices_WFC_SOAP.csproj", "{32B1C62C-D5E0-4EF7-8E27-3785D7076152}"
EndProject
Project("{FAE04EC0-301F-11D3-BF4B-00C04F79EFBC}") = "DTOs", "DTO\DTOs.csproj", "{53F9F825-BDF5-492E-9866-51801D821C07}"
EndProject
Project("{FAE04EC0-301F-11D3-BF4B-00C04F79EFBC}") = "DTOMappingLayer", "DTOMappingLogic\DTOMappingLayer.csproj", "{7B984C43-6407-405D-87CC-5240BB38D40F}"
EndProject
Project("{FAE04EC0-301F-11D3-BF4B-00C04F79EFBC}") = "FaultsAndExceptions_Customs", "FaultsAndExceptions\FaultsAndExceptions_Customs.csproj", "{237815EE-94F3-41E3-8B74-3E3D0E9DE523}"
EndProject
Project("{FAE04EC0-301F-11D3-BF4B-00C04F79EFBC}") = "CoreBusinessServices_WebAPI_ReST", "WebAPI_ReSTServices\CoreBusinessServices_WebAPI_ReST.csproj", "{258B3594-5FB9-4089-9128-AF48BF0DEF43}"
EndProject
Project("{2150E333-8FDC-42A3-9474-1A3956D46DE8}") = "Project Wiki", "Project Wiki", "{7F926473-30C7-4916-9920-F733AF096A61}"
	ProjectSection(SolutionItems) = preProject
		ReadMe.txt = ReadMe.txt
	EndProjectSection
EndProject
Project("{FAE04EC0-301F-11D3-BF4B-00C04F79EFBC}") = "Test_MockerLibraries", "Test_MockerLibraries\Test_MockerLibraries.csproj", "{9BD19065-A48A-4048-884D-ACDAE4B7B9F4}"
EndProject
Project("{9A19103F-16F7-4668-BE54-9A1E7A4F7556}") = "Test_Poco_seedData_mockData", "MockData_TestingLibraries\Test_Poco_seedData_mockData.csproj", "{3D671366-90E4-4208-91E4-0C9F33BE1F6B}"
EndProject
Project("{FAE04EC0-301F-11D3-BF4B-00C04F79EFBC}") = "DataAccess_RedisCache_RepositoryAccess", "DataAccess_RedisCache_RepositoryAccess\DataAccess_RedisCache_RepositoryAccess.csproj", "{6D4DEB92-D5A5-4C46-BA6C-6042078052F4}"
EndProject
Global
	GlobalSection(SolutionConfigurationPlatforms) = preSolution
		Debug|Any CPU = Debug|Any CPU
		Release|Any CPU = Release|Any CPU
	EndGlobalSection
	GlobalSection(ProjectConfigurationPlatforms) = postSolution
		{A33387AF-5686-4C4A-BEE4-0B3A01FCB71A}.Debug|Any CPU.ActiveCfg = Debug|Any CPU
		{A33387AF-5686-4C4A-BEE4-0B3A01FCB71A}.Debug|Any CPU.Build.0 = Debug|Any CPU
		{A33387AF-5686-4C4A-BEE4-0B3A01FCB71A}.Release|Any CPU.ActiveCfg = Debug|Any CPU
		{A33387AF-5686-4C4A-BEE4-0B3A01FCB71A}.Release|Any CPU.Build.0 = Debug|Any CPU
		{0206F859-3D5E-48DF-A9C6-40B2003F91F2}.Debug|Any CPU.ActiveCfg = Debug|Any CPU
		{0206F859-3D5E-48DF-A9C6-40B2003F91F2}.Debug|Any CPU.Build.0 = Debug|Any CPU
		{0206F859-3D5E-48DF-A9C6-40B2003F91F2}.Release|Any CPU.ActiveCfg = Debug|Any CPU
		{0206F859-3D5E-48DF-A9C6-40B2003F91F2}.Release|Any CPU.Build.0 = Debug|Any CPU
		{DFE6F704-76BB-4F7D-B75D-E4D447E04DE3}.Debug|Any CPU.ActiveCfg = Debug|Any CPU
		{DFE6F704-76BB-4F7D-B75D-E4D447E04DE3}.Debug|Any CPU.Build.0 = Debug|Any CPU
		{DFE6F704-76BB-4F7D-B75D-E4D447E04DE3}.Release|Any CPU.ActiveCfg = Debug|Any CPU
		{DFE6F704-76BB-4F7D-B75D-E4D447E04DE3}.Release|Any CPU.Build.0 = Debug|Any CPU
		{EF2E3144-44D8-49C8-A532-24C44BB82375}.Debug|Any CPU.ActiveCfg = Debug|Any CPU
		{EF2E3144-44D8-49C8-A532-24C44BB82375}.Debug|Any CPU.Build.0 = Debug|Any CPU
		{EF2E3144-44D8-49C8-A532-24C44BB82375}.Release|Any CPU.ActiveCfg = Release|Any CPU
		{EF2E3144-44D8-49C8-A532-24C44BB82375}.Release|Any CPU.Build.0 = Release|Any CPU
		{A3876605-BECE-4601-9C62-35C5B980B466}.Debug|Any CPU.ActiveCfg = Debug|Any CPU
		{A3876605-BECE-4601-9C62-35C5B980B466}.Debug|Any CPU.Build.0 = Debug|Any CPU
		{A3876605-BECE-4601-9C62-35C5B980B466}.Release|Any CPU.ActiveCfg = Debug|Any CPU
		{A3876605-BECE-4601-9C62-35C5B980B466}.Release|Any CPU.Build.0 = Debug|Any CPU
		{32B1C62C-D5E0-4EF7-8E27-3785D7076152}.Debug|Any CPU.ActiveCfg = Debug|Any CPU
		{32B1C62C-D5E0-4EF7-8E27-3785D7076152}.Debug|Any CPU.Build.0 = Debug|Any CPU
		{32B1C62C-D5E0-4EF7-8E27-3785D7076152}.Release|Any CPU.ActiveCfg = Debug|Any CPU
		{32B1C62C-D5E0-4EF7-8E27-3785D7076152}.Release|Any CPU.Build.0 = Debug|Any CPU
		{53F9F825-BDF5-492E-9866-51801D821C07}.Debug|Any CPU.ActiveCfg = Debug|Any CPU
		{53F9F825-BDF5-492E-9866-51801D821C07}.Debug|Any CPU.Build.0 = Debug|Any CPU
		{53F9F825-BDF5-492E-9866-51801D821C07}.Release|Any CPU.ActiveCfg = Debug|Any CPU
		{53F9F825-BDF5-492E-9866-51801D821C07}.Release|Any CPU.Build.0 = Debug|Any CPU
		{7B984C43-6407-405D-87CC-5240BB38D40F}.Debug|Any CPU.ActiveCfg = Debug|Any CPU
		{7B984C43-6407-405D-87CC-5240BB38D40F}.Debug|Any CPU.Build.0 = Debug|Any CPU
		{7B984C43-6407-405D-87CC-5240BB38D40F}.Release|Any CPU.ActiveCfg = Debug|Any CPU
		{7B984C43-6407-405D-87CC-5240BB38D40F}.Release|Any CPU.Build.0 = Debug|Any CPU
		{237815EE-94F3-41E3-8B74-3E3D0E9DE523}.Debug|Any CPU.ActiveCfg = Debug|Any CPU
		{237815EE-94F3-41E3-8B74-3E3D0E9DE523}.Debug|Any CPU.Build.0 = Debug|Any CPU
		{237815EE-94F3-41E3-8B74-3E3D0E9DE523}.Release|Any CPU.ActiveCfg = Debug|Any CPU
		{237815EE-94F3-41E3-8B74-3E3D0E9DE523}.Release|Any CPU.Build.0 = Debug|Any CPU
		{258B3594-5FB9-4089-9128-AF48BF0DEF43}.Debug|Any CPU.ActiveCfg = Debug|Any CPU
		{258B3594-5FB9-4089-9128-AF48BF0DEF43}.Debug|Any CPU.Build.0 = Debug|Any CPU
		{258B3594-5FB9-4089-9128-AF48BF0DEF43}.Release|Any CPU.ActiveCfg = Debug|Any CPU
		{258B3594-5FB9-4089-9128-AF48BF0DEF43}.Release|Any CPU.Build.0 = Debug|Any CPU
		{9BD19065-A48A-4048-884D-ACDAE4B7B9F4}.Debug|Any CPU.ActiveCfg = Debug|Any CPU
		{9BD19065-A48A-4048-884D-ACDAE4B7B9F4}.Debug|Any CPU.Build.0 = Debug|Any CPU
		{9BD19065-A48A-4048-884D-ACDAE4B7B9F4}.Release|Any CPU.ActiveCfg = Debug|Any CPU
		{9BD19065-A48A-4048-884D-ACDAE4B7B9F4}.Release|Any CPU.Build.0 = Debug|Any CPU
		{3D671366-90E4-4208-91E4-0C9F33BE1F6B}.Debug|Any CPU.ActiveCfg = Debug|Any CPU
		{3D671366-90E4-4208-91E4-0C9F33BE1F6B}.Debug|Any CPU.Build.0 = Debug|Any CPU
		{3D671366-90E4-4208-91E4-0C9F33BE1F6B}.Release|Any CPU.ActiveCfg = Release|Any CPU
		{3D671366-90E4-4208-91E4-0C9F33BE1F6B}.Release|Any CPU.Build.0 = Release|Any CPU
		{6D4DEB92-D5A5-4C46-BA6C-6042078052F4}.Debug|Any CPU.ActiveCfg = Debug|Any CPU
		{6D4DEB92-D5A5-4C46-BA6C-6042078052F4}.Debug|Any CPU.Build.0 = Debug|Any CPU
		{6D4DEB92-D5A5-4C46-BA6C-6042078052F4}.Release|Any CPU.ActiveCfg = Release|Any CPU
		{6D4DEB92-D5A5-4C46-BA6C-6042078052F4}.Release|Any CPU.Build.0 = Release|Any CPU
	EndGlobalSection
	GlobalSection(SolutionProperties) = preSolution
		HideSolutionNode = FALSE
	EndGlobalSection
	GlobalSection(ExtensibilityGlobals) = postSolution
		SolutionGuid = {E31DA39D-60AA-4528-8458-863F2C9BC320}
	EndGlobalSection
EndGlobal
